PODS:
  - Flutter (1.0.0)
  - flutter_webview_plugin (0.0.1):
    - Flutter
  - url_launcher (0.0.1):
    - Flutter
  - webview_flutter (0.0.1):
    - Flutter

DEPENDENCIES:
  - Flutter (from `Flutter`)
  - flutter_webview_plugin (from `.symlinks/plugins/flutter_webview_plugin/ios`)
  - url_launcher (from `.symlinks/plugins/url_launcher/ios`)
  - webview_flutter (from `.symlinks/plugins/webview_flutter/ios`)

EXTERNAL SOURCES:
  Flutter:
    :path: Flutter
  flutter_webview_plugin:
    :path: ".symlinks/plugins/flutter_webview_plugin/ios"
  url_launcher:
    :path: ".symlinks/plugins/url_launcher/ios"
  webview_flutter:
    :path: ".symlinks/plugins/webview_flutter/ios"

SPEC CHECKSUMS:
  Flutter: 50d75fe2f02b26cc09d224853bb45737f8b3214a
  flutter_webview_plugin: ed9e8a6a96baf0c867e90e1bce2673913eeac694
  url_launcher: a1c0cc845906122c4784c542523d8cacbded5626
  webview_flutter: bec7599de6bfbe8008a739aa3ebd7b364ea9d0cd

PODFILE CHECKSUM: a75497545d4391e2d394c3668e20cfb1c2bbd4aa

COCOAPODS: 1.11.3
